
Microsoft Visual Studio Solution File, Format Version 12.00
# Visual Studio Version 17
VisualStudioVersion = 17.4.33122.133
MinimumVisualStudioVersion = 10.0.40219.1
Project("{FAE04EC0-301F-11D3-BF4B-00C04F79EFBC}") = "SoccerGame.Api", "SoccerGame.Api\SoccerGame.Api.csproj", "{0C83240F-5551-4E2A-AB08-4B8947DAD66F}"
EndProject
Project("{FAE04EC0-301F-11D3-BF4B-00C04F79EFBC}") = "Common", "SoccerGame.Core\Common.csproj", "{5E392875-47F8-41A5-925F-B8C868E459CE}"
EndProject
Project("{FAE04EC0-301F-11D3-BF4B-00C04F79EFBC}") = "SoccerGame.EF", "SoccerGame.EF\SoccerGame.EF.csproj", "{BAA61C64-A869-4078-85D5-E1E8B0783F1B}"
EndProject
Project("{2150E333-8FDC-42A3-9474-1A3956D46DE8}") = "SoccerGame.Core", "SoccerGame.Core", "{5AA2DC46-A7D6-4165-90CA-CC66D922DEFC}"
EndProject
Project("{2150E333-8FDC-42A3-9474-1A3956D46DE8}") = "SoccerGame.EF", "SoccerGame.EF", "{F2094A86-2ED9-4CE6-9CDA-A92DD4CDBC32}"
EndProject
Project("{2150E333-8FDC-42A3-9474-1A3956D46DE8}") = "Domains", "Domains", "{AEF7EBCD-9F01-4C18-9BCF-FFF7318748AE}"
EndProject
Project("{2150E333-8FDC-42A3-9474-1A3956D46DE8}") = "Coaches", "Coaches", "{261A3A63-20B4-488F-BAEA-7F482D05EB68}"
EndProject
Project("{2150E333-8FDC-42A3-9474-1A3956D46DE8}") = "LeagueTeams", "LeagueTeams", "{3AEC75F6-802F-4130-8648-97870C7DCDC6}"
EndProject
Project("{2150E333-8FDC-42A3-9474-1A3956D46DE8}") = "Nationalities", "Nationalities", "{807C5C8E-D72A-4A55-8EA0-698B0E11966D}"
EndProject
Project("{2150E333-8FDC-42A3-9474-1A3956D46DE8}") = "NationalTeams", "NationalTeams", "{ECA1F8A3-564E-4994-AEA8-BCA9E8231276}"
EndProject
Project("{2150E333-8FDC-42A3-9474-1A3956D46DE8}") = "Persons", "Persons", "{8195BBB4-B537-47C6-AC4A-81F1A1F68F8B}"
EndProject
Project("{2150E333-8FDC-42A3-9474-1A3956D46DE8}") = "Players", "Players", "{FD502A93-B3B4-4B72-9D86-1A72F2943B9E}"
EndProject
Project("{FAE04EC0-301F-11D3-BF4B-00C04F79EFBC}") = "Coaches.Server", "Coaches.Server\Coaches.Server.csproj", "{D86372B7-19EB-470D-BDC4-D95DE131BEA6}"
EndProject
Project("{FAE04EC0-301F-11D3-BF4B-00C04F79EFBC}") = "Coaches.Shared", "Coaches.Shared\Coaches.Shared.csproj", "{F2B5DFD7-A989-4643-B2A1-A53BA8F9D57F}"
EndProject
Project("{FAE04EC0-301F-11D3-BF4B-00C04F79EFBC}") = "LeagueTeams.Server", "LeagueTeams.Server\LeagueTeams.Server.csproj", "{4357B1DC-847D-4CD1-973C-64CD500D98E0}"
EndProject
Project("{FAE04EC0-301F-11D3-BF4B-00C04F79EFBC}") = "LeagueTeams.Shared", "LeagueTeams.Shared\LeagueTeams.Shared.csproj", "{98D6AFE9-D273-4654-81FE-52A05208A259}"
EndProject
Project("{FAE04EC0-301F-11D3-BF4B-00C04F79EFBC}") = "Nationalities.Server", "Nationalities.Server\Nationalities.Server.csproj", "{4D5A061A-AF3F-47AA-9149-2EC745E5101D}"
EndProject
Project("{FAE04EC0-301F-11D3-BF4B-00C04F79EFBC}") = "Nationalities.Shared", "Nationalities.Shared\Nationalities.Shared.csproj", "{A19F0CC3-2BE2-44A7-8F67-3EDECFB100E6}"
EndProject
Project("{FAE04EC0-301F-11D3-BF4B-00C04F79EFBC}") = "NationalTeams.Server", "NationalTeams.Server\NationalTeams.Server.csproj", "{9D2D3D40-06BB-4673-BFB1-43808021DD6F}"
EndProject
Project("{FAE04EC0-301F-11D3-BF4B-00C04F79EFBC}") = "NationalTeams.Shared", "NationalTeams.Shared\NationalTeams.Shared.csproj", "{E82614F8-A831-46EA-A4CF-21D06E1D42ED}"
EndProject
Project("{FAE04EC0-301F-11D3-BF4B-00C04F79EFBC}") = "Persons.Shared", "Persons.Shared\Persons.Shared.csproj", "{049C9D04-B5AA-4700-A66F-66C985B80825}"
EndProject
Project("{FAE04EC0-301F-11D3-BF4B-00C04F79EFBC}") = "Players.Server", "Players.Server\Players.Server.csproj", "{ECAEF537-0EB3-4FE8-B6BC-C03B7781652D}"
EndProject
Project("{FAE04EC0-301F-11D3-BF4B-00C04F79EFBC}") = "Players.Shared", "Players.Shared\Players.Shared.csproj", "{6E926170-9941-411A-8E2C-A81A92EF6F7C}"
EndProject
Global
	GlobalSection(SolutionConfigurationPlatforms) = preSolution
		Debug|Any CPU = Debug|Any CPU
		Release|Any CPU = Release|Any CPU
	EndGlobalSection
	GlobalSection(ProjectConfigurationPlatforms) = postSolution
		{0C83240F-5551-4E2A-AB08-4B8947DAD66F}.Debug|Any CPU.ActiveCfg = Debug|Any CPU
		{0C83240F-5551-4E2A-AB08-4B8947DAD66F}.Debug|Any CPU.Build.0 = Debug|Any CPU
		{0C83240F-5551-4E2A-AB08-4B8947DAD66F}.Release|Any CPU.ActiveCfg = Release|Any CPU
		{0C83240F-5551-4E2A-AB08-4B8947DAD66F}.Release|Any CPU.Build.0 = Release|Any CPU
		{5E392875-47F8-41A5-925F-B8C868E459CE}.Debug|Any CPU.ActiveCfg = Debug|Any CPU
		{5E392875-47F8-41A5-925F-B8C868E459CE}.Debug|Any CPU.Build.0 = Debug|Any CPU
		{5E392875-47F8-41A5-925F-B8C868E459CE}.Release|Any CPU.ActiveCfg = Release|Any CPU
		{5E392875-47F8-41A5-925F-B8C868E459CE}.Release|Any CPU.Build.0 = Release|Any CPU
		{BAA61C64-A869-4078-85D5-E1E8B0783F1B}.Debug|Any CPU.ActiveCfg = Debug|Any CPU
		{BAA61C64-A869-4078-85D5-E1E8B0783F1B}.Debug|Any CPU.Build.0 = Debug|Any CPU
		{BAA61C64-A869-4078-85D5-E1E8B0783F1B}.Release|Any CPU.ActiveCfg = Release|Any CPU
		{BAA61C64-A869-4078-85D5-E1E8B0783F1B}.Release|Any CPU.Build.0 = Release|Any CPU
		{D86372B7-19EB-470D-BDC4-D95DE131BEA6}.Debug|Any CPU.ActiveCfg = Debug|Any CPU
		{D86372B7-19EB-470D-BDC4-D95DE131BEA6}.Debug|Any CPU.Build.0 = Debug|Any CPU
		{D86372B7-19EB-470D-BDC4-D95DE131BEA6}.Release|Any CPU.ActiveCfg = Release|Any CPU
		{D86372B7-19EB-470D-BDC4-D95DE131BEA6}.Release|Any CPU.Build.0 = Release|Any CPU
		{F2B5DFD7-A989-4643-B2A1-A53BA8F9D57F}.Debug|Any CPU.ActiveCfg = Debug|Any CPU
		{F2B5DFD7-A989-4643-B2A1-A53BA8F9D57F}.Debug|Any CPU.Build.0 = Debug|Any CPU
		{F2B5DFD7-A989-4643-B2A1-A53BA8F9D57F}.Release|Any CPU.ActiveCfg = Release|Any CPU
		{F2B5DFD7-A989-4643-B2A1-A53BA8F9D57F}.Release|Any CPU.Build.0 = Release|Any CPU
		{4357B1DC-847D-4CD1-973C-64CD500D98E0}.Debug|Any CPU.ActiveCfg = Debug|Any CPU
		{4357B1DC-847D-4CD1-973C-64CD500D98E0}.Debug|Any CPU.Build.0 = Debug|Any CPU
		{4357B1DC-847D-4CD1-973C-64CD500D98E0}.Release|Any CPU.ActiveCfg = Release|Any CPU
		{4357B1DC-847D-4CD1-973C-64CD500D98E0}.Release|Any CPU.Build.0 = Release|Any CPU
		{98D6AFE9-D273-4654-81FE-52A05208A259}.Debug|Any CPU.ActiveCfg = Debug|Any CPU
		{98D6AFE9-D273-4654-81FE-52A05208A259}.Debug|Any CPU.Build.0 = Debug|Any CPU
		{98D6AFE9-D273-4654-81FE-52A05208A259}.Release|Any CPU.ActiveCfg = Release|Any CPU
		{98D6AFE9-D273-4654-81FE-52A05208A259}.Release|Any CPU.Build.0 = Release|Any CPU
		{4D5A061A-AF3F-47AA-9149-2EC745E5101D}.Debug|Any CPU.ActiveCfg = Debug|Any CPU
		{4D5A061A-AF3F-47AA-9149-2EC745E5101D}.Debug|Any CPU.Build.0 = Debug|Any CPU
		{4D5A061A-AF3F-47AA-9149-2EC745E5101D}.Release|Any CPU.ActiveCfg = Release|Any CPU
		{4D5A061A-AF3F-47AA-9149-2EC745E5101D}.Release|Any CPU.Build.0 = Release|Any CPU
		{A19F0CC3-2BE2-44A7-8F67-3EDECFB100E6}.Debug|Any CPU.ActiveCfg = Debug|Any CPU
		{A19F0CC3-2BE2-44A7-8F67-3EDECFB100E6}.Debug|Any CPU.Build.0 = Debug|Any CPU
		{A19F0CC3-2BE2-44A7-8F67-3EDECFB100E6}.Release|Any CPU.ActiveCfg = Release|Any CPU
		{A19F0CC3-2BE2-44A7-8F67-3EDECFB100E6}.Release|Any CPU.Build.0 = Release|Any CPU
		{9D2D3D40-06BB-4673-BFB1-43808021DD6F}.Debug|Any CPU.ActiveCfg = Debug|Any CPU
		{9D2D3D40-06BB-4673-BFB1-43808021DD6F}.Debug|Any CPU.Build.0 = Debug|Any CPU
		{9D2D3D40-06BB-4673-BFB1-43808021DD6F}.Release|Any CPU.ActiveCfg = Release|Any CPU
		{9D2D3D40-06BB-4673-BFB1-43808021DD6F}.Release|Any CPU.Build.0 = Release|Any CPU
		{E82614F8-A831-46EA-A4CF-21D06E1D42ED}.Debug|Any CPU.ActiveCfg = Debug|Any CPU
		{E82614F8-A831-46EA-A4CF-21D06E1D42ED}.Debug|Any CPU.Build.0 = Debug|Any CPU
		{E82614F8-A831-46EA-A4CF-21D06E1D42ED}.Release|Any CPU.ActiveCfg = Release|Any CPU
		{E82614F8-A831-46EA-A4CF-21D06E1D42ED}.Release|Any CPU.Build.0 = Release|Any CPU
		{049C9D04-B5AA-4700-A66F-66C985B80825}.Debug|Any CPU.ActiveCfg = Debug|Any CPU
		{049C9D04-B5AA-4700-A66F-66C985B80825}.Debug|Any CPU.Build.0 = Debug|Any CPU
		{049C9D04-B5AA-4700-A66F-66C985B80825}.Release|Any CPU.ActiveCfg = Release|Any CPU
		{049C9D04-B5AA-4700-A66F-66C985B80825}.Release|Any CPU.Build.0 = Release|Any CPU
		{ECAEF537-0EB3-4FE8-B6BC-C03B7781652D}.Debug|Any CPU.ActiveCfg = Debug|Any CPU
		{ECAEF537-0EB3-4FE8-B6BC-C03B7781652D}.Debug|Any CPU.Build.0 = Debug|Any CPU
		{ECAEF537-0EB3-4FE8-B6BC-C03B7781652D}.Release|Any CPU.ActiveCfg = Release|Any CPU
		{ECAEF537-0EB3-4FE8-B6BC-C03B7781652D}.Release|Any CPU.Build.0 = Release|Any CPU
		{6E926170-9941-411A-8E2C-A81A92EF6F7C}.Debug|Any CPU.ActiveCfg = Debug|Any CPU
		{6E926170-9941-411A-8E2C-A81A92EF6F7C}.Debug|Any CPU.Build.0 = Debug|Any CPU
		{6E926170-9941-411A-8E2C-A81A92EF6F7C}.Release|Any CPU.ActiveCfg = Release|Any CPU
		{6E926170-9941-411A-8E2C-A81A92EF6F7C}.Release|Any CPU.Build.0 = Release|Any CPU
	EndGlobalSection
	GlobalSection(SolutionProperties) = preSolution
		HideSolutionNode = FALSE
	EndGlobalSection
	GlobalSection(NestedProjects) = preSolution
		{5E392875-47F8-41A5-925F-B8C868E459CE} = {5AA2DC46-A7D6-4165-90CA-CC66D922DEFC}
		{BAA61C64-A869-4078-85D5-E1E8B0783F1B} = {F2094A86-2ED9-4CE6-9CDA-A92DD4CDBC32}
		{AEF7EBCD-9F01-4C18-9BCF-FFF7318748AE} = {F2094A86-2ED9-4CE6-9CDA-A92DD4CDBC32}
		{261A3A63-20B4-488F-BAEA-7F482D05EB68} = {AEF7EBCD-9F01-4C18-9BCF-FFF7318748AE}
		{3AEC75F6-802F-4130-8648-97870C7DCDC6} = {AEF7EBCD-9F01-4C18-9BCF-FFF7318748AE}
		{807C5C8E-D72A-4A55-8EA0-698B0E11966D} = {AEF7EBCD-9F01-4C18-9BCF-FFF7318748AE}
		{ECA1F8A3-564E-4994-AEA8-BCA9E8231276} = {AEF7EBCD-9F01-4C18-9BCF-FFF7318748AE}
		{8195BBB4-B537-47C6-AC4A-81F1A1F68F8B} = {AEF7EBCD-9F01-4C18-9BCF-FFF7318748AE}
		{FD502A93-B3B4-4B72-9D86-1A72F2943B9E} = {AEF7EBCD-9F01-4C18-9BCF-FFF7318748AE}
		{D86372B7-19EB-470D-BDC4-D95DE131BEA6} = {261A3A63-20B4-488F-BAEA-7F482D05EB68}
		{F2B5DFD7-A989-4643-B2A1-A53BA8F9D57F} = {261A3A63-20B4-488F-BAEA-7F482D05EB68}
		{4357B1DC-847D-4CD1-973C-64CD500D98E0} = {3AEC75F6-802F-4130-8648-97870C7DCDC6}
		{98D6AFE9-D273-4654-81FE-52A05208A259} = {3AEC75F6-802F-4130-8648-97870C7DCDC6}
		{4D5A061A-AF3F-47AA-9149-2EC745E5101D} = {807C5C8E-D72A-4A55-8EA0-698B0E11966D}
		{A19F0CC3-2BE2-44A7-8F67-3EDECFB100E6} = {807C5C8E-D72A-4A55-8EA0-698B0E11966D}
		{9D2D3D40-06BB-4673-BFB1-43808021DD6F} = {ECA1F8A3-564E-4994-AEA8-BCA9E8231276}
		{E82614F8-A831-46EA-A4CF-21D06E1D42ED} = {ECA1F8A3-564E-4994-AEA8-BCA9E8231276}
		{049C9D04-B5AA-4700-A66F-66C985B80825} = {8195BBB4-B537-47C6-AC4A-81F1A1F68F8B}
		{ECAEF537-0EB3-4FE8-B6BC-C03B7781652D} = {FD502A93-B3B4-4B72-9D86-1A72F2943B9E}
		{6E926170-9941-411A-8E2C-A81A92EF6F7C} = {FD502A93-B3B4-4B72-9D86-1A72F2943B9E}
	EndGlobalSection
	GlobalSection(ExtensibilityGlobals) = postSolution
		SolutionGuid = {D9703A04-F658-46B9-B268-F61A50A9BF5B}
	EndGlobalSection
EndGlobal
